
Microsoft Visual Studio Solution File, Format Version 12.00
# Visual Studio 15
VisualStudioVersion = 15.0.27703.2047
MinimumVisualStudioVersion = 10.0.40219.1
Project("{FAE04EC0-301F-11D3-BF4B-00C04F79EFBC}") = "App2.Android", "App2\App2.Android\App2.Android.csproj", "{970C4DE3-6041-4691-B7C0-E5498210C4CF}"
EndProject
Project("{FAE04EC0-301F-11D3-BF4B-00C04F79EFBC}") = "App2.iOS", "App2\App2.iOS\App2.iOS.csproj", "{D3B61DF1-C714-4954-BD68-07FBB000D6F3}"
EndProject
Project("{FAE04EC0-301F-11D3-BF4B-00C04F79EFBC}") = "App2", "App2\App2\App2.csproj", "{AAED3AE7-6202-442A-BFD2-40AF846F4771}"
EndProject
Global
	GlobalSection(SolutionConfigurationPlatforms) = preSolution
		Ad-Hoc|Any CPU = Ad-Hoc|Any CPU
		Ad-Hoc|iPhone = Ad-Hoc|iPhone
		Ad-Hoc|iPhoneSimulator = Ad-Hoc|iPhoneSimulator
		AppStore|Any CPU = AppStore|Any CPU
		AppStore|iPhone = AppStore|iPhone
		AppStore|iPhoneSimulator = AppStore|iPhoneSimulator
		Debug|Any CPU = Debug|Any CPU
		Debug|iPhone = Debug|iPhone
		Debug|iPhoneSimulator = Debug|iPhoneSimulator
		Release|Any CPU = Release|Any CPU
		Release|iPhone = Release|iPhone
		Release|iPhoneSimulator = Release|iPhoneSimulator
	EndGlobalSection
	GlobalSection(ProjectConfigurationPlatforms) = postSolution
		{970C4DE3-6041-4691-B7C0-E5498210C4CF}.Ad-Hoc|Any CPU.ActiveCfg = Release|Any CPU
		{970C4DE3-6041-4691-B7C0-E5498210C4CF}.Ad-Hoc|Any CPU.Build.0 = Release|Any CPU
		{970C4DE3-6041-4691-B7C0-E5498210C4CF}.Ad-Hoc|Any CPU.Deploy.0 = Release|Any CPU
		{970C4DE3-6041-4691-B7C0-E5498210C4CF}.Ad-Hoc|iPhone.ActiveCfg = Release|Any CPU
		{970C4DE3-6041-4691-B7C0-E5498210C4CF}.Ad-Hoc|iPhone.Build.0 = Release|Any CPU
		{970C4DE3-6041-4691-B7C0-E5498210C4CF}.Ad-Hoc|iPhone.Deploy.0 = Release|Any CPU
		{970C4DE3-6041-4691-B7C0-E5498210C4CF}.Ad-Hoc|iPhoneSimulator.ActiveCfg = Release|Any CPU
		{970C4DE3-6041-4691-B7C0-E5498210C4CF}.Ad-Hoc|iPhoneSimulator.Build.0 = Release|Any CPU
		{970C4DE3-6041-4691-B7C0-E5498210C4CF}.Ad-Hoc|iPhoneSimulator.Deploy.0 = Release|Any CPU
		{970C4DE3-6041-4691-B7C0-E5498210C4CF}.AppStore|Any CPU.ActiveCfg = Release|Any CPU
		{970C4DE3-6041-4691-B7C0-E5498210C4CF}.AppStore|Any CPU.Build.0 = Release|Any CPU
		{970C4DE3-6041-4691-B7C0-E5498210C4CF}.AppStore|Any CPU.Deploy.0 = Release|Any CPU
		{970C4DE3-6041-4691-B7C0-E5498210C4CF}.AppStore|iPhone.ActiveCfg = Release|Any CPU
		{970C4DE3-6041-4691-B7C0-E5498210C4CF}.AppStore|iPhone.Build.0 = Release|Any CPU
		{970C4DE3-6041-4691-B7C0-E5498210C4CF}.AppStore|iPhone.Deploy.0 = Release|Any CPU
		{970C4DE3-6041-4691-B7C0-E5498210C4CF}.AppStore|iPhoneSimulator.ActiveCfg = Release|Any CPU
		{970C4DE3-6041-4691-B7C0-E5498210C4CF}.AppStore|iPhoneSimulator.Build.0 = Release|Any CPU
		{970C4DE3-6041-4691-B7C0-E5498210C4CF}.AppStore|iPhoneSimulator.Deploy.0 = Release|Any CPU
		{970C4DE3-6041-4691-B7C0-E5498210C4CF}.Debug|Any CPU.ActiveCfg = Debug|Any CPU
		{970C4DE3-6041-4691-B7C0-E5498210C4CF}.Debug|Any CPU.Build.0 = Debug|Any CPU
		{970C4DE3-6041-4691-B7C0-E5498210C4CF}.Debug|Any CPU.Deploy.0 = Debug|Any CPU
		{970C4DE3-6041-4691-B7C0-E5498210C4CF}.Debug|iPhone.ActiveCfg = Debug|Any CPU
		{970C4DE3-6041-4691-B7C0-E5498210C4CF}.Debug|iPhone.Build.0 = Debug|Any CPU
		{970C4DE3-6041-4691-B7C0-E5498210C4CF}.Debug|iPhone.Deploy.0 = Debug|Any CPU
		{970C4DE3-6041-4691-B7C0-E5498210C4CF}.Debug|iPhoneSimulator.ActiveCfg = Debug|Any CPU
		{970C4DE3-6041-4691-B7C0-E5498210C4CF}.Debug|iPhoneSimulator.Build.0 = Debug|Any CPU
		{970C4DE3-6041-4691-B7C0-E5498210C4CF}.Debug|iPhoneSimulator.Deploy.0 = Debug|Any CPU
		{970C4DE3-6041-4691-B7C0-E5498210C4CF}.Release|Any CPU.ActiveCfg = Release|Any CPU
		{970C4DE3-6041-4691-B7C0-E5498210C4CF}.Release|Any CPU.Build.0 = Release|Any CPU
		{970C4DE3-6041-4691-B7C0-E5498210C4CF}.Release|Any CPU.Deploy.0 = Release|Any CPU
		{970C4DE3-6041-4691-B7C0-E5498210C4CF}.Release|iPhone.ActiveCfg = Release|Any CPU
		{970C4DE3-6041-4691-B7C0-E5498210C4CF}.Release|iPhone.Build.0 = Release|Any CPU
		{970C4DE3-6041-4691-B7C0-E5498210C4CF}.Release|iPhone.Deploy.0 = Release|Any CPU
		{970C4DE3-6041-4691-B7C0-E5498210C4CF}.Release|iPhoneSimulator.ActiveCfg = Release|Any CPU
		{970C4DE3-6041-4691-B7C0-E5498210C4CF}.Release|iPhoneSimulator.Build.0 = Release|Any CPU
		{970C4DE3-6041-4691-B7C0-E5498210C4CF}.Release|iPhoneSimulator.Deploy.0 = Release|Any CPU
		{D3B61DF1-C714-4954-BD68-07FBB000D6F3}.Ad-Hoc|Any CPU.ActiveCfg = Ad-Hoc|iPhone
		{D3B61DF1-C714-4954-BD68-07FBB000D6F3}.Ad-Hoc|Any CPU.Build.0 = Ad-Hoc|iPhone
		{D3B61DF1-C714-4954-BD68-07FBB000D6F3}.Ad-Hoc|Any CPU.Deploy.0 = Ad-Hoc|iPhone
		{D3B61DF1-C714-4954-BD68-07FBB000D6F3}.Ad-Hoc|iPhone.ActiveCfg = Ad-Hoc|iPhone
		{D3B61DF1-C714-4954-BD68-07FBB000D6F3}.Ad-Hoc|iPhone.Build.0 = Ad-Hoc|iPhone
		{D3B61DF1-C714-4954-BD68-07FBB000D6F3}.Ad-Hoc|iPhone.Deploy.0 = Ad-Hoc|iPhone
		{D3B61DF1-C714-4954-BD68-07FBB000D6F3}.Ad-Hoc|iPhoneSimulator.ActiveCfg = Ad-Hoc|iPhoneSimulator
		{D3B61DF1-C714-4954-BD68-07FBB000D6F3}.Ad-Hoc|iPhoneSimulator.Build.0 = Ad-Hoc|iPhoneSimulator
		{D3B61DF1-C714-4954-BD68-07FBB000D6F3}.Ad-Hoc|iPhoneSimulator.Deploy.0 = Ad-Hoc|iPhoneSimulator
		{D3B61DF1-C714-4954-BD68-07FBB000D6F3}.AppStore|Any CPU.ActiveCfg = AppStore|iPhone
		{D3B61DF1-C714-4954-BD68-07FBB000D6F3}.AppStore|Any CPU.Build.0 = AppStore|iPhone
		{D3B61DF1-C714-4954-BD68-07FBB000D6F3}.AppStore|Any CPU.Deploy.0 = AppStore|iPhone
		{D3B61DF1-C714-4954-BD68-07FBB000D6F3}.AppStore|iPhone.ActiveCfg = AppStore|iPhone
		{D3B61DF1-C714-4954-BD68-07FBB000D6F3}.AppStore|iPhone.Build.0 = AppStore|iPhone
		{D3B61DF1-C714-4954-BD68-07FBB000D6F3}.AppStore|iPhone.Deploy.0 = AppStore|iPhone
		{D3B61DF1-C714-4954-BD68-07FBB000D6F3}.AppStore|iPhoneSimulator.ActiveCfg = AppStore|iPhoneSimulator
		{D3B61DF1-C714-4954-BD68-07FBB000D6F3}.AppStore|iPhoneSimulator.Build.0 = AppStore|iPhoneSimulator
		{D3B61DF1-C714-4954-BD68-07FBB000D6F3}.AppStore|iPhoneSimulator.Deploy.0 = AppStore|iPhoneSimulator
		{D3B61DF1-C714-4954-BD68-07FBB000D6F3}.Debug|Any CPU.ActiveCfg = Debug|iPhoneSimulator
		{D3B61DF1-C714-4954-BD68-07FBB000D6F3}.Debug|Any CPU.Build.0 = Debug|iPhoneSimulator
		{D3B61DF1-C714-4954-BD68-07FBB000D6F3}.Debug|Any CPU.Deploy.0 = Debug|iPhoneSimulator
		{D3B61DF1-C714-4954-BD68-07FBB000D6F3}.Debug|iPhone.ActiveCfg = Debug|iPhone
		{D3B61DF1-C714-4954-BD68-07FBB000D6F3}.Debug|iPhone.Build.0 = Debug|iPhone
		{D3B61DF1-C714-4954-BD68-07FBB000D6F3}.Debug|iPhone.Deploy.0 = Debug|iPhone
		{D3B61DF1-C714-4954-BD68-07FBB000D6F3}.Debug|iPhoneSimulator.ActiveCfg = Debug|iPhoneSimulator
		{D3B61DF1-C714-4954-BD68-07FBB000D6F3}.Debug|iPhoneSimulator.Build.0 = Debug|iPhoneSimulator
		{D3B61DF1-C714-4954-BD68-07FBB000D6F3}.Debug|iPhoneSimulator.Deploy.0 = Debug|iPhoneSimulator
		{D3B61DF1-C714-4954-BD68-07FBB000D6F3}.Release|Any CPU.ActiveCfg = Release|iPhone
		{D3B61DF1-C714-4954-BD68-07FBB000D6F3}.Release|Any CPU.Build.0 = Release|iPhone
		{D3B61DF1-C714-4954-BD68-07FBB000D6F3}.Release|Any CPU.Deploy.0 = Release|iPhone
		{D3B61DF1-C714-4954-BD68-07FBB000D6F3}.Release|iPhone.ActiveCfg = Release|iPhone
		{D3B61DF1-C714-4954-BD68-07FBB000D6F3}.Release|iPhone.Build.0 = Release|iPhone
		{D3B61DF1-C714-4954-BD68-07FBB000D6F3}.Release|iPhone.Deploy.0 = Release|iPhone
		{D3B61DF1-C714-4954-BD68-07FBB000D6F3}.Release|iPhoneSimulator.ActiveCfg = Release|iPhoneSimulator
		{D3B61DF1-C714-4954-BD68-07FBB000D6F3}.Release|iPhoneSimulator.Build.0 = Release|iPhoneSimulator
		{D3B61DF1-C714-4954-BD68-07FBB000D6F3}.Release|iPhoneSimulator.Deploy.0 = Release|iPhoneSimulator
		{AAED3AE7-6202-442A-BFD2-40AF846F4771}.Ad-Hoc|Any CPU.ActiveCfg = Debug|Any CPU
		{AAED3AE7-6202-442A-BFD2-40AF846F4771}.Ad-Hoc|Any CPU.Build.0 = Debug|Any CPU
		{AAED3AE7-6202-442A-BFD2-40AF846F4771}.Ad-Hoc|Any CPU.Deploy.0 = Debug|Any CPU
		{AAED3AE7-6202-442A-BFD2-40AF846F4771}.Ad-Hoc|iPhone.ActiveCfg = Debug|Any CPU
		{AAED3AE7-6202-442A-BFD2-40AF846F4771}.Ad-Hoc|iPhone.Build.0 = Debug|Any CPU
		{AAED3AE7-6202-442A-BFD2-40AF846F4771}.Ad-Hoc|iPhone.Deploy.0 = Debug|Any CPU
		{AAED3AE7-6202-442A-BFD2-40AF846F4771}.Ad-Hoc|iPhoneSimulator.ActiveCfg = Debug|Any CPU
		{AAED3AE7-6202-442A-BFD2-40AF846F4771}.Ad-Hoc|iPhoneSimulator.Build.0 = Debug|Any CPU
		{AAED3AE7-6202-442A-BFD2-40AF846F4771}.Ad-Hoc|iPhoneSimulator.Deploy.0 = Debug|Any CPU
		{AAED3AE7-6202-442A-BFD2-40AF846F4771}.AppStore|Any CPU.ActiveCfg = Debug|Any CPU
		{AAED3AE7-6202-442A-BFD2-40AF846F4771}.AppStore|Any CPU.Build.0 = Debug|Any CPU
		{AAED3AE7-6202-442A-BFD2-40AF846F4771}.AppStore|Any CPU.Deploy.0 = Debug|Any CPU
		{AAED3AE7-6202-442A-BFD2-40AF846F4771}.AppStore|iPhone.ActiveCfg = Debug|Any CPU
		{AAED3AE7-6202-442A-BFD2-40AF846F4771}.AppStore|iPhone.Build.0 = Debug|Any CPU
		{AAED3AE7-6202-442A-BFD2-40AF846F4771}.AppStore|iPhone.Deploy.0 = Debug|Any CPU
		{AAED3AE7-6202-442A-BFD2-40AF846F4771}.AppStore|iPhoneSimulator.ActiveCfg = Debug|Any CPU
		{AAED3AE7-6202-442A-BFD2-40AF846F4771}.AppStore|iPhoneSimulator.Build.0 = Debug|Any CPU
		{AAED3AE7-6202-442A-BFD2-40AF846F4771}.AppStore|iPhoneSimulator.Deploy.0 = Debug|Any CPU
		{AAED3AE7-6202-442A-BFD2-40AF846F4771}.Debug|Any CPU.ActiveCfg = Debug|Any CPU
		{AAED3AE7-6202-442A-BFD2-40AF846F4771}.Debug|Any CPU.Build.0 = Debug|Any CPU
		{AAED3AE7-6202-442A-BFD2-40AF846F4771}.Debug|Any CPU.Deploy.0 = Debug|Any CPU
		{AAED3AE7-6202-442A-BFD2-40AF846F4771}.Debug|iPhone.ActiveCfg = Debug|Any CPU
		{AAED3AE7-6202-442A-BFD2-40AF846F4771}.Debug|iPhone.Build.0 = Debug|Any CPU
		{AAED3AE7-6202-442A-BFD2-40AF846F4771}.Debug|iPhone.Deploy.0 = Debug|Any CPU
		{AAED3AE7-6202-442A-BFD2-40AF846F4771}.Debug|iPhoneSimulator.ActiveCfg = Debug|Any CPU
		{AAED3AE7-6202-442A-BFD2-40AF846F4771}.Debug|iPhoneSimulator.Build.0 = Debug|Any CPU
		{AAED3AE7-6202-442A-BFD2-40AF846F4771}.Debug|iPhoneSimulator.Deploy.0 = Debug|Any CPU
		{AAED3AE7-6202-442A-BFD2-40AF846F4771}.Release|Any CPU.ActiveCfg = Release|Any CPU
		{AAED3AE7-6202-442A-BFD2-40AF846F4771}.Release|Any CPU.Build.0 = Release|Any CPU
		{AAED3AE7-6202-442A-BFD2-40AF846F4771}.Release|Any CPU.Deploy.0 = Release|Any CPU
		{AAED3AE7-6202-442A-BFD2-40AF846F4771}.Release|iPhone.ActiveCfg = Release|Any CPU
		{AAED3AE7-6202-442A-BFD2-40AF846F4771}.Release|iPhone.Build.0 = Release|Any CPU
		{AAED3AE7-6202-442A-BFD2-40AF846F4771}.Release|iPhone.Deploy.0 = Release|Any CPU
		{AAED3AE7-6202-442A-BFD2-40AF846F4771}.Release|iPhoneSimulator.ActiveCfg = Release|Any CPU
		{AAED3AE7-6202-442A-BFD2-40AF846F4771}.Release|iPhoneSimulator.Build.0 = Release|Any CPU
		{AAED3AE7-6202-442A-BFD2-40AF846F4771}.Release|iPhoneSimulator.Deploy.0 = Release|Any CPU
	EndGlobalSection
	GlobalSection(SolutionProperties) = preSolution
		HideSolutionNode = FALSE
	EndGlobalSection
	GlobalSection(ExtensibilityGlobals) = postSolution
		SolutionGuid = {419EF1BA-FEA6-4348-AA9D-17C1E4186E98}
	EndGlobalSection
EndGlobal
